// !$*UTF8*$!
{
	archiveVersion = 1;
	classes = {
	};
	objectVersion = 46;
	objects = {

/* Begin PBXBuildFile section */
		3EBCC8481E681FD400205CC0 /* AppDelegate.swift in Sources */ = {isa = PBXBuildFile; fileRef = 3EBCC8471E681FD400205CC0 /* AppDelegate.swift */; };
		3EBCC84D1E681FD400205CC0 /* Main.storyboard in Resources */ = {isa = PBXBuildFile; fileRef = 3EBCC84B1E681FD400205CC0 /* Main.storyboard */; };
		3EBCC84F1E681FD400205CC0 /* Assets.xcassets in Resources */ = {isa = PBXBuildFile; fileRef = 3EBCC84E1E681FD400205CC0 /* Assets.xcassets */; };
		3EBCC8521E681FD400205CC0 /* LaunchScreen.storyboard in Resources */ = {isa = PBXBuildFile; fileRef = 3EBCC8501E681FD400205CC0 /* LaunchScreen.storyboard */; };
		3EBCC85A1E68211F00205CC0 /* LRMainTableVIewController.swift in Sources */ = {isa = PBXBuildFile; fileRef = 3EBCC8591E68211F00205CC0 /* LRMainTableVIewController.swift */; };
		3EBCC85C1E682A2900205CC0 /* NSDate+CalendarLogic.swift in Sources */ = {isa = PBXBuildFile; fileRef = 3EBCC85B1E682A2900205CC0 /* NSDate+CalendarLogic.swift */; };
		3EBCC8671E69060500205CC0 /* CalendarDayCell.swift in Sources */ = {isa = PBXBuildFile; fileRef = 3EBCC85F1E69060500205CC0 /* CalendarDayCell.swift */; };
		3EBCC8681E69060500205CC0 /* CalendarDayModel.swift in Sources */ = {isa = PBXBuildFile; fileRef = 3EBCC8601E69060500205CC0 /* CalendarDayModel.swift */; };
		3EBCC8691E69060500205CC0 /* CalendarHeaderView.swift in Sources */ = {isa = PBXBuildFile; fileRef = 3EBCC8611E69060500205CC0 /* CalendarHeaderView.swift */; };
		3EBCC86A1E69060500205CC0 /* CalendarLogic.swift in Sources */ = {isa = PBXBuildFile; fileRef = 3EBCC8621E69060500205CC0 /* CalendarLogic.swift */; };
		3EBCC86B1E69060500205CC0 /* CalendarMonthCollectionViewLayout.swift in Sources */ = {isa = PBXBuildFile; fileRef = 3EBCC8631E69060500205CC0 /* CalendarMonthCollectionViewLayout.swift */; };
		3EBCC86C1E69060500205CC0 /* CalendarMonthFooterView.swift in Sources */ = {isa = PBXBuildFile; fileRef = 3EBCC8641E69060500205CC0 /* CalendarMonthFooterView.swift */; };
		3EBCC86D1E69060500205CC0 /* CalendarMonthHeaderView.swift in Sources */ = {isa = PBXBuildFile; fileRef = 3EBCC8651E69060500205CC0 /* CalendarMonthHeaderView.swift */; };
		3EBCC86E1E69060500205CC0 /* CalendarViewController.swift in Sources */ = {isa = PBXBuildFile; fileRef = 3EBCC8661E69060500205CC0 /* CalendarViewController.swift */; };
		3EBCC8701E69080E00205CC0 /* UIColor+Hex.swift in Sources */ = {isa = PBXBuildFile; fileRef = 3EBCC86F1E69080E00205CC0 /* UIColor+Hex.swift */; };
		3EBCC8721E69097400205CC0 /* Const.swift in Sources */ = {isa = PBXBuildFile; fileRef = 3EBCC8711E69097400205CC0 /* Const.swift */; };
		3EBCC8741E690B6900205CC0 /* BuyDateViewController.swift in Sources */ = {isa = PBXBuildFile; fileRef = 3EBCC8731E690B6900205CC0 /* BuyDateViewController.swift */; };
/* End PBXBuildFile section */

/* Begin PBXFileReference section */
		3EBCC8441E681FD400205CC0 /* Calendar.app */ = {isa = PBXFileReference; explicitFileType = wrapper.application; includeInIndex = 0; path = Calendar.app; sourceTree = BUILT_PRODUCTS_DIR; };
		3EBCC8471E681FD400205CC0 /* AppDelegate.swift */ = {isa = PBXFileReference; lastKnownFileType = sourcecode.swift; path = AppDelegate.swift; sourceTree = "<group>"; };
		3EBCC84C1E681FD400205CC0 /* Base */ = {isa = PBXFileReference; lastKnownFileType = file.storyboard; name = Base; path = Base.lproj/Main.storyboard; sourceTree = "<group>"; };
		3EBCC84E1E681FD400205CC0 /* Assets.xcassets */ = {isa = PBXFileReference; lastKnownFileType = folder.assetcatalog; path = Assets.xcassets; sourceTree = "<group>"; };
		3EBCC8511E681FD400205CC0 /* Base */ = {isa = PBXFileReference; lastKnownFileType = file.storyboard; name = Base; path = Base.lproj/LaunchScreen.storyboard; sourceTree = "<group>"; };
		3EBCC8531E681FD400205CC0 /* Info.plist */ = {isa = PBXFileReference; lastKnownFileType = text.plist.xml; path = Info.plist; sourceTree = "<group>"; };
		3EBCC8591E68211F00205CC0 /* LRMainTableVIewController.swift */ = {isa = PBXFileReference; fileEncoding = 4; lastKnownFileType = sourcecode.swift; path = LRMainTableVIewController.swift; sourceTree = "<group>"; };
		3EBCC85B1E682A2900205CC0 /* NSDate+CalendarLogic.swift */ = {isa = PBXFileReference; fileEncoding = 4; lastKnownFileType = sourcecode.swift; path = "NSDate+CalendarLogic.swift"; sourceTree = "<group>"; };
		3EBCC85F1E69060500205CC0 /* CalendarDayCell.swift */ = {isa = PBXFileReference; fileEncoding = 4; lastKnownFileType = sourcecode.swift; path = CalendarDayCell.swift; sourceTree = "<group>"; };
		3EBCC8601E69060500205CC0 /* CalendarDayModel.swift */ = {isa = PBXFileReference; fileEncoding = 4; lastKnownFileType = sourcecode.swift; path = CalendarDayModel.swift; sourceTree = "<group>"; };
		3EBCC8611E69060500205CC0 /* CalendarHeaderView.swift */ = {isa = PBXFileReference; fileEncoding = 4; lastKnownFileType = sourcecode.swift; path = CalendarHeaderView.swift; sourceTree = "<group>"; };
		3EBCC8621E69060500205CC0 /* CalendarLogic.swift */ = {isa = PBXFileReference; fileEncoding = 4; lastKnownFileType = sourcecode.swift; path = CalendarLogic.swift; sourceTree = "<group>"; };
		3EBCC8631E69060500205CC0 /* CalendarMonthCollectionViewLayout.swift */ = {isa = PBXFileReference; fileEncoding = 4; lastKnownFileType = sourcecode.swift; path = CalendarMonthCollectionViewLayout.swift; sourceTree = "<group>"; };
		3EBCC8641E69060500205CC0 /* CalendarMonthFooterView.swift */ = {isa = PBXFileReference; fileEncoding = 4; lastKnownFileType = sourcecode.swift; path = CalendarMonthFooterView.swift; sourceTree = "<group>"; };
		3EBCC8651E69060500205CC0 /* CalendarMonthHeaderView.swift */ = {isa = PBXFileReference; fileEncoding = 4; lastKnownFileType = sourcecode.swift; path = CalendarMonthHeaderView.swift; sourceTree = "<group>"; };
		3EBCC8661E69060500205CC0 /* CalendarViewController.swift */ = {isa = PBXFileReference; fileEncoding = 4; lastKnownFileType = sourcecode.swift; path = CalendarViewController.swift; sourceTree = "<group>"; };
		3EBCC86F1E69080E00205CC0 /* UIColor+Hex.swift */ = {isa = PBXFileReference; fileEncoding = 4; lastKnownFileType = sourcecode.swift; path = "UIColor+Hex.swift"; sourceTree = "<group>"; };
		3EBCC8711E69097400205CC0 /* Const.swift */ = {isa = PBXFileReference; fileEncoding = 4; lastKnownFileType = sourcecode.swift; path = Const.swift; sourceTree = "<group>"; };
		3EBCC8731E690B6900205CC0 /* BuyDateViewController.swift */ = {isa = PBXFileReference; fileEncoding = 4; lastKnownFileType = sourcecode.swift; path = BuyDateViewController.swift; sourceTree = "<group>"; };
/* End PBXFileReference section */

/* Begin PBXFrameworksBuildPhase section */
		3EBCC8411E681FD400205CC0 /* Frameworks */ = {
			isa = PBXFrameworksBuildPhase;
			buildActionMask = 2147483647;
			files = (
			);
			runOnlyForDeploymentPostprocessing = 0;
		};
/* End PBXFrameworksBuildPhase section */

/* Begin PBXGroup section */
		3EBCC83B1E681FD400205CC0 = {
			isa = PBXGroup;
			children = (
				3EBCC8461E681FD400205CC0 /* Calendar */,
				3EBCC8451E681FD400205CC0 /* Products */,
			);
			sourceTree = "<group>";
		};
		3EBCC8451E681FD400205CC0 /* Products */ = {
			isa = PBXGroup;
			children = (
				3EBCC8441E681FD400205CC0 /* Calendar.app */,
			);
			name = Products;
			sourceTree = "<group>";
		};
		3EBCC8461E681FD400205CC0 /* Calendar */ = {
			isa = PBXGroup;
			children = (
				3EBCC8471E681FD400205CC0 /* AppDelegate.swift */,
				3EBCC84B1E681FD400205CC0 /* Main.storyboard */,
				3EBCC84E1E681FD400205CC0 /* Assets.xcassets */,
				3EBCC8501E681FD400205CC0 /* LaunchScreen.storyboard */,
				3EBCC8531E681FD400205CC0 /* Info.plist */,
				3EBCC8591E68211F00205CC0 /* LRMainTableVIewController.swift */,
				3EBCC85B1E682A2900205CC0 /* NSDate+CalendarLogic.swift */,
				3EBCC86F1E69080E00205CC0 /* UIColor+Hex.swift */,
				3EBCC85F1E69060500205CC0 /* CalendarDayCell.swift */,
				3EBCC8601E69060500205CC0 /* CalendarDayModel.swift */,
				3EBCC8611E69060500205CC0 /* CalendarHeaderView.swift */,
				3EBCC8621E69060500205CC0 /* CalendarLogic.swift */,
				3EBCC8631E69060500205CC0 /* CalendarMonthCollectionViewLayout.swift */,
				3EBCC8641E69060500205CC0 /* CalendarMonthFooterView.swift */,
				3EBCC8651E69060500205CC0 /* CalendarMonthHeaderView.swift */,
				3EBCC8661E69060500205CC0 /* CalendarViewController.swift */,
				3EBCC8731E690B6900205CC0 /* BuyDateViewController.swift */,
				3EBCC8711E69097400205CC0 /* Const.swift */,
			);
			path = Calendar;
			sourceTree = "<group>";
		};
/* End PBXGroup section */

/* Begin PBXNativeTarget section */
		3EBCC8431E681FD400205CC0 /* Calendar */ = {
			isa = PBXNativeTarget;
			buildConfigurationList = 3EBCC8561E681FD400205CC0 /* Build configuration list for PBXNativeTarget "Calendar" */;
			buildPhases = (
				3EBCC8401E681FD400205CC0 /* Sources */,
				3EBCC8411E681FD400205CC0 /* Frameworks */,
				3EBCC8421E681FD400205CC0 /* Resources */,
			);
			buildRules = (
			);
			dependencies = (
			);
			name = Calendar;
			productName = Calendar;
			productReference = 3EBCC8441E681FD400205CC0 /* Calendar.app */;
			productType = "com.apple.product-type.application";
		};
/* End PBXNativeTarget section */

/* Begin PBXProject section */
		3EBCC83C1E681FD400205CC0 /* Project object */ = {
			isa = PBXProject;
			attributes = {
				LastSwiftUpdateCheck = 0820;
				LastUpgradeCheck = 0820;
				ORGANIZATIONNAME = Serena_Li_Rui_93;
				TargetAttributes = {
					3EBCC8431E681FD400205CC0 = {
						CreatedOnToolsVersion = 8.2.1;
						LastSwiftMigration = 0820;
						ProvisioningStyle = Automatic;
					};
				};
			};
			buildConfigurationList = 3EBCC83F1E681FD400205CC0 /* Build configuration list for PBXProject "Calendar" */;
			compatibilityVersion = "Xcode 3.2";
			developmentRegion = English;
			hasScannedForEncodings = 0;
			knownRegions = (
				en,
				Base,
			);
			mainGroup = 3EBCC83B1E681FD400205CC0;
			productRefGroup = 3EBCC8451E681FD400205CC0 /* Products */;
			projectDirPath = "";
			projectRoot = "";
			targets = (
				3EBCC8431E681FD400205CC0 /* Calendar */,
			);
		};
/* End PBXProject section */

/* Begin PBXResourcesBuildPhase section */
		3EBCC8421E681FD400205CC0 /* Resources */ = {
			isa = PBXResourcesBuildPhase;
			buildActionMask = 2147483647;
			files = (
				3EBCC8521E681FD400205CC0 /* LaunchScreen.storyboard in Resources */,
				3EBCC84F1E681FD400205CC0 /* Assets.xcassets in Resources */,
				3EBCC84D1E681FD400205CC0 /* Main.storyboard in Resources */,
			);
			runOnlyForDeploymentPostprocessing = 0;
		};
/* End PBXResourcesBuildPhase section */

/* Begin PBXSourcesBuildPhase section */
		3EBCC8401E681FD400205CC0 /* Sources */ = {
			isa = PBXSourcesBuildPhase;
			buildActionMask = 2147483647;
			files = (
				3EBCC86A1E69060500205CC0 /* CalendarLogic.swift in Sources */,
				3EBCC8671E69060500205CC0 /* CalendarDayCell.swift in Sources */,
				3EBCC86C1E69060500205CC0 /* CalendarMonthFooterView.swift in Sources */,
				3EBCC86E1E69060500205CC0 /* CalendarViewController.swift in Sources */,
				3EBCC8691E69060500205CC0 /* CalendarHeaderView.swift in Sources */,
				3EBCC85C1E682A2900205CC0 /* NSDate+CalendarLogic.swift in Sources */,
				3EBCC85A1E68211F00205CC0 /* LRMainTableVIewController.swift in Sources */,
				3EBCC86D1E69060500205CC0 /* CalendarMonthHeaderView.swift in Sources */,
				3EBCC8681E69060500205CC0 /* CalendarDayModel.swift in Sources */,
				3EBCC8701E69080E00205CC0 /* UIColor+Hex.swift in Sources */,
				3EBCC8481E681FD400205CC0 /* AppDelegate.swift in Sources */,
				3EBCC8741E690B6900205CC0 /* BuyDateViewController.swift in Sources */,
				3EBCC86B1E69060500205CC0 /* CalendarMonthCollectionViewLayout.swift in Sources */,
				3EBCC8721E69097400205CC0 /* Const.swift in Sources */,
			);
			runOnlyForDeploymentPostprocessing = 0;
		};
/* End PBXSourcesBuildPhase section */

/* Begin PBXVariantGroup section */
		3EBCC84B1E681FD400205CC0 /* Main.storyboard */ = {
			isa = PBXVariantGroup;
			children = (
				3EBCC84C1E681FD400205CC0 /* Base */,
			);
			name = Main.storyboard;
			sourceTree = "<group>";
		};
		3EBCC8501E681FD400205CC0 /* LaunchScreen.storyboard */ = {
			isa = PBXVariantGroup;
			children = (
				3EBCC8511E681FD400205CC0 /* Base */,
			);
			name = LaunchScreen.storyboard;
			sourceTree = "<group>";
		};
/* End PBXVariantGroup section */

/* Begin XCBuildConfiguration section */
		3EBCC8541E681FD400205CC0 /* Debug */ = {
			isa = XCBuildConfiguration;
			buildSettings = {
				ALWAYS_SEARCH_USER_PATHS = NO;
				CLANG_ANALYZER_NONNULL = YES;
				CLANG_CXX_LANGUAGE_STANDARD = "gnu++0x";
				CLANG_CXX_LIBRARY = "libc++";
				CLANG_ENABLE_MODULES = YES;
				CLANG_ENABLE_OBJC_ARC = YES;
				CLANG_WARN_BOOL_CONVERSION = YES;
				CLANG_WARN_CONSTANT_CONVERSION = YES;
				CLANG_WARN_DIRECT_OBJC_ISA_USAGE = YES_ERROR;
				CLANG_WARN_DOCUMENTATION_COMMENTS = YES;
				CLANG_WARN_EMPTY_BODY = YES;
				CLANG_WARN_ENUM_CONVERSION = YES;
				CLANG_WARN_INFINITE_RECURSION = YES;
				CLANG_WARN_INT_CONVERSION = YES;
				CLANG_WARN_OBJC_ROOT_CLASS = YES_ERROR;
				CLANG_WARN_SUSPICIOUS_MOVE = YES;
				CLANG_WARN_UNREACHABLE_CODE = YES;
				CLANG_WARN__DUPLICATE_METHOD_MATCH = YES;
				"CODE_SIGN_IDENTITY[sdk=iphoneos*]" = "iPhone Developer";
				COPY_PHASE_STRIP = NO;
				DEBUG_INFORMATION_FORMAT = dwarf;
				ENABLE_STRICT_OBJC_MSGSEND = YES;
				ENABLE_TESTABILITY = YES;
				GCC_C_LANGUAGE_STANDARD = gnu99;
				GCC_DYNAMIC_NO_PIC = NO;
				GCC_NO_COMMON_BLOCKS = YES;
				GCC_OPTIMIZATION_LEVEL = 0;
				GCC_PREPROCESSOR_DEFINITIONS = (
					"DEBUG=1",
					"$(inherited)",
				);
				GCC_WARN_64_TO_32_BIT_CONVERSION = YES;
				GCC_WARN_ABOUT_RETURN_TYPE = YES_ERROR;
				GCC_WARN_UNDECLARED_SELECTOR = YES;
				GCC_WARN_UNINITIALIZED_AUTOS = YES_AGGRESSIVE;
				GCC_WARN_UNUSED_FUNCTION = YES;
				GCC_WARN_UNUSED_VARIABLE = YES;
				IPHONEOS_DEPLOYMENT_TARGET = 10.2;
				MTL_ENABLE_DEBUG_INFO = YES;
				ONLY_ACTIVE_ARCH = YES;
				SDKROOT = iphoneos;
				SWIFT_ACTIVE_COMPILATION_CONDITIONS = DEBUG;
				SWIFT_OPTIMIZATION_LEVEL = "-Onone";
			};
			name = Debug;
		};
		3EBCC8551E681FD400205CC0 /* Release */ = {
			isa = XCBuildConfiguration;
			buildSettings = {
				ALWAYS_SEARCH_USER_PATHS = NO;
				CLANG_ANALYZER_NONNULL = YES;
				CLANG_CXX_LANGUAGE_STANDARD = "gnu++0x";
				CLANG_CXX_LIBRARY = "libc++";
				CLANG_ENABLE_MODULES = YES;
				CLANG_ENABLE_OBJC_ARC = YES;
				CLANG_WARN_BOOL_CONVERSION = YES;
				CLANG_WARN_CONSTANT_CONVERSION = YES;
				CLANG_WARN_DIRECT_OBJC_ISA_USAGE = YES_ERROR;
				CLANG_WARN_DOCUMENTATION_COMMENTS = YES;
				CLANG_WARN_EMPTY_BODY = YES;
				CLANG_WARN_ENUM_CONVERSION = YES;
				CLANG_WARN_INFINITE_RECURSION = YES;
				CLANG_WARN_INT_CONVERSION = YES;
				CLANG_WARN_OBJC_ROOT_CLASS = YES_ERROR;
				CLANG_WARN_SUSPICIOUS_MOVE = YES;
				CLANG_WARN_UNREACHABLE_CODE = YES;
				CLANG_WARN__DUPLICATE_METHOD_MATCH = YES;
				"CODE_SIGN_IDENTITY[sdk=iphoneos*]" = "iPhone Developer";
				COPY_PHASE_STRIP = NO;
				DEBUG_INFORMATION_FORMAT = "dwarf-with-dsym";
				ENABLE_NS_ASSERTIONS = NO;
				ENABLE_STRICT_OBJC_MSGSEND = YES;
				GCC_C_LANGUAGE_STANDARD = gnu99;
				GCC_NO_COMMON_BLOCKS = YES;
				GCC_WARN_64_TO_32_BIT_CONVERSION = YES;
				GCC_WARN_ABOUT_RETURN_TYPE = YES_ERROR;
				GCC_WARN_UNDECLARED_SELECTOR = YES;
				GCC_WARN_UNINITIALIZED_AUTOS = YES_AGGRESSIVE;
				GCC_WARN_UNUSED_FUNCTION = YES;
				GCC_WARN_UNUSED_VARIABLE = YES;
				IPHONEOS_DEPLOYMENT_TARGET = 10.2;
				MTL_ENABLE_DEBUG_INFO = NO;
				SDKROOT = iphoneos;
				SWIFT_OPTIMIZATION_LEVEL = "-Owholemodule";
				VALIDATE_PRODUCT = YES;
			};
			name = Release;
		};
		3EBCC8571E681FD400205CC0 /* Debug */ = {
			isa = XCBuildConfiguration;
			buildSettings = {
				ASSETCATALOG_COMPILER_APPICON_NAME = AppIcon;
				DEVELOPMENT_TEAM = "";
				INFOPLIST_FILE = Calendar/Info.plist;
				IPHONEOS_DEPLOYMENT_TARGET = 8.0;
				LD_RUNPATH_SEARCH_PATHS = "$(inherited) @executable_path/Frameworks";
				PRODUCT_BUNDLE_IDENTIFIER = serena93.Calendar;
				PRODUCT_NAME = "$(TARGET_NAME)";
				SWIFT_VERSION = 3.0;
			};
			name = Debug;
		};
		3EBCC8581E681FD400205CC0 /* Release */ = {
			isa = XCBuildConfiguration;
			buildSettings = {
				ASSETCATALOG_COMPILER_APPICON_NAME = AppIcon;
				DEVELOPMENT_TEAM = "";
				INFOPLIST_FILE = Calendar/Info.plist;
				IPHONEOS_DEPLOYMENT_TARGET = 8.0;
				LD_RUNPATH_SEARCH_PATHS = "$(inherited) @executable_path/Frameworks";
				PRODUCT_BUNDLE_IDENTIFIER = serena93.Calendar;
				PRODUCT_NAME = "$(TARGET_NAME)";
				SWIFT_VERSION = 3.0;
			};
			name = Release;
		};
/* End XCBuildConfiguration section */

/* Begin XCConfigurationList section */
		3EBCC83F1E681FD400205CC0 /* Build configuration list for PBXProject "Calendar" */ = {
			isa = XCConfigurationList;
			buildConfigurations = (
				3EBCC8541E681FD400205CC0 /* Debug */,
				3EBCC8551E681FD400205CC0 /* Release */,
			);
			defaultConfigurationIsVisible = 0;
			defaultConfigurationName = Release;
		};
		3EBCC8561E681FD400205CC0 /* Build configuration list for PBXNativeTarget "Calendar" */ = {
			isa = XCConfigurationList;
			buildConfigurations = (
				3EBCC8571E681FD400205CC0 /* Debug */,
				3EBCC8581E681FD400205CC0 /* Release */,
			);
			defaultConfigurationIsVisible = 0;
		};
/* End XCConfigurationList section */
	};
	rootObject = 3EBCC83C1E681FD400205CC0 /* Project object */;
}
